// !$*UTF8*$!
{
	archiveVersion = 1;
	classes = {
	};
	objectVersion = 56;
	objects = {

/* Begin PBXBuildFile section */
		68F161D22C16D5650059FA66 /* AppDelegate.swift in Sources */ = {isa = PBXBuildFile; fileRef = 68F161D12C16D5650059FA66 /* AppDelegate.swift */; };
		68F161D42C16D5650059FA66 /* SceneDelegate.swift in Sources */ = {isa = PBXBuildFile; fileRef = 68F161D32C16D5650059FA66 /* SceneDelegate.swift */; };
		68F161D62C16D5650059FA66 /* MainViewController.swift in Sources */ = {isa = PBXBuildFile; fileRef = 68F161D52C16D5650059FA66 /* MainViewController.swift */; };
		68F161DB2C16D5660059FA66 /* Assets.xcassets in Resources */ = {isa = PBXBuildFile; fileRef = 68F161DA2C16D5660059FA66 /* Assets.xcassets */; };
		68F161DE2C16D5660059FA66 /* Base in Resources */ = {isa = PBXBuildFile; fileRef = 68F161DD2C16D5660059FA66 /* Base */; };
		68F161E62C16D7FF0059FA66 /* .gitignore in Resources */ = {isa = PBXBuildFile; fileRef = 68F161E52C16D7FF0059FA66 /* .gitignore */; };
		68F161E82C16D81D0059FA66 /* APIKey.swift in Sources */ = {isa = PBXBuildFile; fileRef = 68F161E72C16D81D0059FA66 /* APIKey.swift */; };
		68F161EE2C16D8B30059FA66 /* ReusableProtocol+.swift in Sources */ = {isa = PBXBuildFile; fileRef = 68F161ED2C16D8B30059FA66 /* ReusableProtocol+.swift */; };
		68F161F12C16D8DD0059FA66 /* Kingfisher in Frameworks */ = {isa = PBXBuildFile; productRef = 68F161F02C16D8DD0059FA66 /* Kingfisher */; };
		68F161F42C16D8EB0059FA66 /* Alamofire in Frameworks */ = {isa = PBXBuildFile; productRef = 68F161F32C16D8EB0059FA66 /* Alamofire */; };
		68F161F72C16D8F60059FA66 /* SnapKit in Frameworks */ = {isa = PBXBuildFile; productRef = 68F161F62C16D8F60059FA66 /* SnapKit */; };
		68F161FB2C16F1010059FA66 /* MainTableViewCell.swift in Sources */ = {isa = PBXBuildFile; fileRef = 68F161FA2C16F1010059FA66 /* MainTableViewCell.swift */; };
		68F161FD2C170DB00059FA66 /* MovieData.swift in Sources */ = {isa = PBXBuildFile; fileRef = 68F161FC2C170DB00059FA66 /* MovieData.swift */; };
		68F161FF2C1769AA0059FA66 /* DateFormatter+.swift in Sources */ = {isa = PBXBuildFile; fileRef = 68F161FE2C1769AA0059FA66 /* DateFormatter+.swift */; };
		68F162012C17DA2B0059FA66 /* UILabel+.swift in Sources */ = {isa = PBXBuildFile; fileRef = 68F162002C17DA2B0059FA66 /* UILabel+.swift */; };
		68F162032C17DBEF0059FA66 /* DetailViewController.swift in Sources */ = {isa = PBXBuildFile; fileRef = 68F162022C17DBEF0059FA66 /* DetailViewController.swift */; };
		68F162052C17E1080059FA66 /* DetailTableViewCell.swift in Sources */ = {isa = PBXBuildFile; fileRef = 68F162042C17E1080059FA66 /* DetailTableViewCell.swift */; };
		68F1620E2C18172D0059FA66 /* DetailCastTableViewCell.swift in Sources */ = {isa = PBXBuildFile; fileRef = 68F1620D2C18172D0059FA66 /* DetailCastTableViewCell.swift */; };
		68F162172C1867C20059FA66 /* SearchCollectionViewController.swift in Sources */ = {isa = PBXBuildFile; fileRef = 68F162162C1867C20059FA66 /* SearchCollectionViewController.swift */; };
/* End PBXBuildFile section */

/* Begin PBXFileReference section */
		68F161CE2C16D5650059FA66 /* YegrCinemaEX.app */ = {isa = PBXFileReference; explicitFileType = wrapper.application; includeInIndex = 0; path = YegrCinemaEX.app; sourceTree = BUILT_PRODUCTS_DIR; };
		68F161D12C16D5650059FA66 /* AppDelegate.swift */ = {isa = PBXFileReference; lastKnownFileType = sourcecode.swift; path = AppDelegate.swift; sourceTree = "<group>"; };
		68F161D32C16D5650059FA66 /* SceneDelegate.swift */ = {isa = PBXFileReference; lastKnownFileType = sourcecode.swift; path = SceneDelegate.swift; sourceTree = "<group>"; };
		68F161D52C16D5650059FA66 /* MainViewController.swift */ = {isa = PBXFileReference; lastKnownFileType = sourcecode.swift; path = MainViewController.swift; sourceTree = "<group>"; };
		68F161DA2C16D5660059FA66 /* Assets.xcassets */ = {isa = PBXFileReference; lastKnownFileType = folder.assetcatalog; path = Assets.xcassets; sourceTree = "<group>"; };
		68F161DD2C16D5660059FA66 /* Base */ = {isa = PBXFileReference; lastKnownFileType = file.storyboard; name = Base; path = Base.lproj/LaunchScreen.storyboard; sourceTree = "<group>"; };
		68F161DF2C16D5660059FA66 /* Info.plist */ = {isa = PBXFileReference; lastKnownFileType = text.plist.xml; path = Info.plist; sourceTree = "<group>"; };
		68F161E52C16D7FF0059FA66 /* .gitignore */ = {isa = PBXFileReference; lastKnownFileType = text; path = .gitignore; sourceTree = "<group>"; };
		68F161E72C16D81D0059FA66 /* APIKey.swift */ = {isa = PBXFileReference; lastKnownFileType = sourcecode.swift; path = APIKey.swift; sourceTree = "<group>"; };
		68F161ED2C16D8B30059FA66 /* ReusableProtocol+.swift */ = {isa = PBXFileReference; lastKnownFileType = sourcecode.swift; path = "ReusableProtocol+.swift"; sourceTree = "<group>"; };
		68F161FA2C16F1010059FA66 /* MainTableViewCell.swift */ = {isa = PBXFileReference; lastKnownFileType = sourcecode.swift; path = MainTableViewCell.swift; sourceTree = "<group>"; };
		68F161FC2C170DB00059FA66 /* MovieData.swift */ = {isa = PBXFileReference; lastKnownFileType = sourcecode.swift; path = MovieData.swift; sourceTree = "<group>"; };
		68F161FE2C1769AA0059FA66 /* DateFormatter+.swift */ = {isa = PBXFileReference; lastKnownFileType = sourcecode.swift; path = "DateFormatter+.swift"; sourceTree = "<group>"; };
		68F162002C17DA2B0059FA66 /* UILabel+.swift */ = {isa = PBXFileReference; lastKnownFileType = sourcecode.swift; path = "UILabel+.swift"; sourceTree = "<group>"; };
		68F162022C17DBEF0059FA66 /* DetailViewController.swift */ = {isa = PBXFileReference; lastKnownFileType = sourcecode.swift; path = DetailViewController.swift; sourceTree = "<group>"; };
		68F162042C17E1080059FA66 /* DetailTableViewCell.swift */ = {isa = PBXFileReference; lastKnownFileType = sourcecode.swift; path = DetailTableViewCell.swift; sourceTree = "<group>"; };
		68F1620D2C18172D0059FA66 /* DetailCastTableViewCell.swift */ = {isa = PBXFileReference; lastKnownFileType = sourcecode.swift; path = DetailCastTableViewCell.swift; sourceTree = "<group>"; };
		68F162162C1867C20059FA66 /* SearchCollectionViewController.swift */ = {isa = PBXFileReference; lastKnownFileType = sourcecode.swift; path = SearchCollectionViewController.swift; sourceTree = "<group>"; };
/* End PBXFileReference section */

/* Begin PBXFrameworksBuildPhase section */
		68F161CB2C16D5650059FA66 /* Frameworks */ = {
			isa = PBXFrameworksBuildPhase;
			buildActionMask = 2147483647;
			files = (
				68F161F72C16D8F60059FA66 /* SnapKit in Frameworks */,
				68F161F12C16D8DD0059FA66 /* Kingfisher in Frameworks */,
				68F161F42C16D8EB0059FA66 /* Alamofire in Frameworks */,
			);
			runOnlyForDeploymentPostprocessing = 0;
		};
/* End PBXFrameworksBuildPhase section */

/* Begin PBXGroup section */
		68F161C52C16D5650059FA66 = {
			isa = PBXGroup;
			children = (
				68F161E52C16D7FF0059FA66 /* .gitignore */,
				68F161D02C16D5650059FA66 /* YegrCinemaEX */,
				68F161CF2C16D5650059FA66 /* Products */,
			);
			sourceTree = "<group>";
		};
		68F161CF2C16D5650059FA66 /* Products */ = {
			isa = PBXGroup;
			children = (
				68F161CE2C16D5650059FA66 /* YegrCinemaEX.app */,
			);
			name = Products;
			sourceTree = "<group>";
		};
		68F161D02C16D5650059FA66 /* YegrCinemaEX */ = {
			isa = PBXGroup;
			children = (
				68F161D12C16D5650059FA66 /* AppDelegate.swift */,
				68F161D32C16D5650059FA66 /* SceneDelegate.swift */,
				68F161DA2C16D5660059FA66 /* Assets.xcassets */,
				68F161DC2C16D5660059FA66 /* LaunchScreen.storyboard */,
				68F161EB2C16D87F0059FA66 /* MainVC */,
				68F161EC2C16D88D0059FA66 /* DetailVC */,
				68F162152C18675E0059FA66 /* SearchVC */,
				68F161E92C16D8570059FA66 /* Extension */,
				68F161DF2C16D5660059FA66 /* Info.plist */,
				68F161E72C16D81D0059FA66 /* APIKey.swift */,
			);
			path = YegrCinemaEX;
			sourceTree = "<group>";
		};
		68F161E92C16D8570059FA66 /* Extension */ = {
			isa = PBXGroup;
			children = (
				68F161ED2C16D8B30059FA66 /* ReusableProtocol+.swift */,
				68F161FE2C1769AA0059FA66 /* DateFormatter+.swift */,
				68F162002C17DA2B0059FA66 /* UILabel+.swift */,
			);
			path = Extension;
			sourceTree = "<group>";
		};
		68F161EB2C16D87F0059FA66 /* MainVC */ = {
			isa = PBXGroup;
			children = (
				68F161FA2C16F1010059FA66 /* MainTableViewCell.swift */,
				68F161FC2C170DB00059FA66 /* MovieData.swift */,
				68F161D52C16D5650059FA66 /* MainViewController.swift */,
			);
			path = MainVC;
			sourceTree = "<group>";
		};
		68F161EC2C16D88D0059FA66 /* DetailVC */ = {
			isa = PBXGroup;
			children = (
				68F1620D2C18172D0059FA66 /* DetailCastTableViewCell.swift */,
				68F162042C17E1080059FA66 /* DetailTableViewCell.swift */,
				68F162022C17DBEF0059FA66 /* DetailViewController.swift */,
			);
			path = DetailVC;
			sourceTree = "<group>";
		};
		68F162152C18675E0059FA66 /* SearchVC */ = {
			isa = PBXGroup;
			children = (
				68F162162C1867C20059FA66 /* SearchCollectionViewController.swift */,
			);
			path = SearchVC;
			sourceTree = "<group>";
		};
/* End PBXGroup section */

/* Begin PBXNativeTarget section */
		68F161CD2C16D5650059FA66 /* YegrCinemaEX */ = {
			isa = PBXNativeTarget;
			buildConfigurationList = 68F161E22C16D5660059FA66 /* Build configuration list for PBXNativeTarget "YegrCinemaEX" */;
			buildPhases = (
				68F161CA2C16D5650059FA66 /* Sources */,
				68F161CB2C16D5650059FA66 /* Frameworks */,
				68F161CC2C16D5650059FA66 /* Resources */,
			);
			buildRules = (
			);
			dependencies = (
			);
			name = YegrCinemaEX;
			packageProductDependencies = (
				68F161F02C16D8DD0059FA66 /* Kingfisher */,
				68F161F32C16D8EB0059FA66 /* Alamofire */,
				68F161F62C16D8F60059FA66 /* SnapKit */,
			);
			productName = YegrCinemaEX;
			productReference = 68F161CE2C16D5650059FA66 /* YegrCinemaEX.app */;
			productType = "com.apple.product-type.application";
		};
/* End PBXNativeTarget section */

/* Begin PBXProject section */
		68F161C62C16D5650059FA66 /* Project object */ = {
			isa = PBXProject;
			attributes = {
				BuildIndependentTargetsInParallel = 1;
				LastSwiftUpdateCheck = 1540;
				LastUpgradeCheck = 1540;
				TargetAttributes = {
					68F161CD2C16D5650059FA66 = {
						CreatedOnToolsVersion = 15.4;
					};
				};
			};
			buildConfigurationList = 68F161C92C16D5650059FA66 /* Build configuration list for PBXProject "YegrCinemaEX" */;
			compatibilityVersion = "Xcode 14.0";
			developmentRegion = en;
			hasScannedForEncodings = 0;
			knownRegions = (
				en,
				Base,
			);
			mainGroup = 68F161C52C16D5650059FA66;
			packageReferences = (
				68F161EF2C16D8DD0059FA66 /* XCRemoteSwiftPackageReference "Kingfisher" */,
				68F161F22C16D8EB0059FA66 /* XCRemoteSwiftPackageReference "Alamofire" */,
				68F161F52C16D8F60059FA66 /* XCRemoteSwiftPackageReference "SnapKit" */,
			);
			productRefGroup = 68F161CF2C16D5650059FA66 /* Products */;
			projectDirPath = "";
			projectRoot = "";
			targets = (
				68F161CD2C16D5650059FA66 /* YegrCinemaEX */,
			);
		};
/* End PBXProject section */

/* Begin PBXResourcesBuildPhase section */
		68F161CC2C16D5650059FA66 /* Resources */ = {
			isa = PBXResourcesBuildPhase;
			buildActionMask = 2147483647;
			files = (
				68F161DB2C16D5660059FA66 /* Assets.xcassets in Resources */,
				68F161E62C16D7FF0059FA66 /* .gitignore in Resources */,
				68F161DE2C16D5660059FA66 /* Base in Resources */,
			);
			runOnlyForDeploymentPostprocessing = 0;
		};
/* End PBXResourcesBuildPhase section */

/* Begin PBXSourcesBuildPhase section */
		68F161CA2C16D5650059FA66 /* Sources */ = {
			isa = PBXSourcesBuildPhase;
			buildActionMask = 2147483647;
			files = (
				68F162012C17DA2B0059FA66 /* UILabel+.swift in Sources */,
				68F161D62C16D5650059FA66 /* MainViewController.swift in Sources */,
				68F161D22C16D5650059FA66 /* AppDelegate.swift in Sources */,
				68F161EE2C16D8B30059FA66 /* ReusableProtocol+.swift in Sources */,
				68F161E82C16D81D0059FA66 /* APIKey.swift in Sources */,
				68F1620E2C18172D0059FA66 /* DetailCastTableViewCell.swift in Sources */,
				68F161FF2C1769AA0059FA66 /* DateFormatter+.swift in Sources */,
				68F161D42C16D5650059FA66 /* SceneDelegate.swift in Sources */,
				68F162032C17DBEF0059FA66 /* DetailViewController.swift in Sources */,
				68F161FB2C16F1010059FA66 /* MainTableViewCell.swift in Sources */,
				68F162172C1867C20059FA66 /* SearchCollectionViewController.swift in Sources */,
				68F161FD2C170DB00059FA66 /* MovieData.swift in Sources */,
				68F162052C17E1080059FA66 /* DetailTableViewCell.swift in Sources */,
			);
			runOnlyForDeploymentPostprocessing = 0;
		};
/* End PBXSourcesBuildPhase section */

/* Begin PBXVariantGroup section */
		68F161DC2C16D5660059FA66 /* LaunchScreen.storyboard */ = {
			isa = PBXVariantGroup;
			children = (
				68F161DD2C16D5660059FA66 /* Base */,
			);
			name = LaunchScreen.storyboard;
			sourceTree = "<group>";
		};
/* End PBXVariantGroup section */

/* Begin XCBuildConfiguration section */
		68F161E02C16D5660059FA66 /* Debug */ = {
			isa = XCBuildConfiguration;
			buildSettings = {
				ALWAYS_SEARCH_USER_PATHS = NO;
				ASSETCATALOG_COMPILER_GENERATE_SWIFT_ASSET_SYMBOL_EXTENSIONS = YES;
				CLANG_ANALYZER_NONNULL = YES;
				CLANG_ANALYZER_NUMBER_OBJECT_CONVERSION = YES_AGGRESSIVE;
				CLANG_CXX_LANGUAGE_STANDARD = "gnu++20";
				CLANG_ENABLE_MODULES = YES;
				CLANG_ENABLE_OBJC_ARC = YES;
				CLANG_ENABLE_OBJC_WEAK = YES;
				CLANG_WARN_BLOCK_CAPTURE_AUTORELEASING = YES;
				CLANG_WARN_BOOL_CONVERSION = YES;
				CLANG_WARN_COMMA = YES;
				CLANG_WARN_CONSTANT_CONVERSION = YES;
				CLANG_WARN_DEPRECATED_OBJC_IMPLEMENTATIONS = YES;
				CLANG_WARN_DIRECT_OBJC_ISA_USAGE = YES_ERROR;
				CLANG_WARN_DOCUMENTATION_COMMENTS = YES;
				CLANG_WARN_EMPTY_BODY = YES;
				CLANG_WARN_ENUM_CONVERSION = YES;
				CLANG_WARN_INFINITE_RECURSION = YES;
				CLANG_WARN_INT_CONVERSION = YES;
				CLANG_WARN_NON_LITERAL_NULL_CONVERSION = YES;
				CLANG_WARN_OBJC_IMPLICIT_RETAIN_SELF = YES;
				CLANG_WARN_OBJC_LITERAL_CONVERSION = YES;
				CLANG_WARN_OBJC_ROOT_CLASS = YES_ERROR;
				CLANG_WARN_QUOTED_INCLUDE_IN_FRAMEWORK_HEADER = YES;
				CLANG_WARN_RANGE_LOOP_ANALYSIS = YES;
				CLANG_WARN_STRICT_PROTOTYPES = YES;
				CLANG_WARN_SUSPICIOUS_MOVE = YES;
				CLANG_WARN_UNGUARDED_AVAILABILITY = YES_AGGRESSIVE;
				CLANG_WARN_UNREACHABLE_CODE = YES;
				CLANG_WARN__DUPLICATE_METHOD_MATCH = YES;
				COPY_PHASE_STRIP = NO;
				DEBUG_INFORMATION_FORMAT = dwarf;
				ENABLE_STRICT_OBJC_MSGSEND = YES;
				ENABLE_TESTABILITY = YES;
				ENABLE_USER_SCRIPT_SANDBOXING = YES;
				GCC_C_LANGUAGE_STANDARD = gnu17;
				GCC_DYNAMIC_NO_PIC = NO;
				GCC_NO_COMMON_BLOCKS = YES;
				GCC_OPTIMIZATION_LEVEL = 0;
				GCC_PREPROCESSOR_DEFINITIONS = (
					"DEBUG=1",
					"$(inherited)",
				);
				GCC_WARN_64_TO_32_BIT_CONVERSION = YES;
				GCC_WARN_ABOUT_RETURN_TYPE = YES_ERROR;
				GCC_WARN_UNDECLARED_SELECTOR = YES;
				GCC_WARN_UNINITIALIZED_AUTOS = YES_AGGRESSIVE;
				GCC_WARN_UNUSED_FUNCTION = YES;
				GCC_WARN_UNUSED_VARIABLE = YES;
				IPHONEOS_DEPLOYMENT_TARGET = 17.5;
				LOCALIZATION_PREFERS_STRING_CATALOGS = YES;
				MTL_ENABLE_DEBUG_INFO = INCLUDE_SOURCE;
				MTL_FAST_MATH = YES;
				ONLY_ACTIVE_ARCH = YES;
				SDKROOT = iphoneos;
				SWIFT_ACTIVE_COMPILATION_CONDITIONS = "DEBUG $(inherited)";
				SWIFT_OPTIMIZATION_LEVEL = "-Onone";
			};
			name = Debug;
		};
		68F161E12C16D5660059FA66 /* Release */ = {
			isa = XCBuildConfiguration;
			buildSettings = {
				ALWAYS_SEARCH_USER_PATHS = NO;
				ASSETCATALOG_COMPILER_GENERATE_SWIFT_ASSET_SYMBOL_EXTENSIONS = YES;
				CLANG_ANALYZER_NONNULL = YES;
				CLANG_ANALYZER_NUMBER_OBJECT_CONVERSION = YES_AGGRESSIVE;
				CLANG_CXX_LANGUAGE_STANDARD = "gnu++20";
				CLANG_ENABLE_MODULES = YES;
				CLANG_ENABLE_OBJC_ARC = YES;
				CLANG_ENABLE_OBJC_WEAK = YES;
				CLANG_WARN_BLOCK_CAPTURE_AUTORELEASING = YES;
				CLANG_WARN_BOOL_CONVERSION = YES;
				CLANG_WARN_COMMA = YES;
				CLANG_WARN_CONSTANT_CONVERSION = YES;
				CLANG_WARN_DEPRECATED_OBJC_IMPLEMENTATIONS = YES;
				CLANG_WARN_DIRECT_OBJC_ISA_USAGE = YES_ERROR;
				CLANG_WARN_DOCUMENTATION_COMMENTS = YES;
				CLANG_WARN_EMPTY_BODY = YES;
				CLANG_WARN_ENUM_CONVERSION = YES;
				CLANG_WARN_INFINITE_RECURSION = YES;
				CLANG_WARN_INT_CONVERSION = YES;
				CLANG_WARN_NON_LITERAL_NULL_CONVERSION = YES;
				CLANG_WARN_OBJC_IMPLICIT_RETAIN_SELF = YES;
				CLANG_WARN_OBJC_LITERAL_CONVERSION = YES;
				CLANG_WARN_OBJC_ROOT_CLASS = YES_ERROR;
				CLANG_WARN_QUOTED_INCLUDE_IN_FRAMEWORK_HEADER = YES;
				CLANG_WARN_RANGE_LOOP_ANALYSIS = YES;
				CLANG_WARN_STRICT_PROTOTYPES = YES;
				CLANG_WARN_SUSPICIOUS_MOVE = YES;
				CLANG_WARN_UNGUARDED_AVAILABILITY = YES_AGGRESSIVE;
				CLANG_WARN_UNREACHABLE_CODE = YES;
				CLANG_WARN__DUPLICATE_METHOD_MATCH = YES;
				COPY_PHASE_STRIP = NO;
				DEBUG_INFORMATION_FORMAT = "dwarf-with-dsym";
				ENABLE_NS_ASSERTIONS = NO;
				ENABLE_STRICT_OBJC_MSGSEND = YES;
				ENABLE_USER_SCRIPT_SANDBOXING = YES;
				GCC_C_LANGUAGE_STANDARD = gnu17;
				GCC_NO_COMMON_BLOCKS = YES;
				GCC_WARN_64_TO_32_BIT_CONVERSION = YES;
				GCC_WARN_ABOUT_RETURN_TYPE = YES_ERROR;
				GCC_WARN_UNDECLARED_SELECTOR = YES;
				GCC_WARN_UNINITIALIZED_AUTOS = YES_AGGRESSIVE;
				GCC_WARN_UNUSED_FUNCTION = YES;
				GCC_WARN_UNUSED_VARIABLE = YES;
				IPHONEOS_DEPLOYMENT_TARGET = 17.5;
				LOCALIZATION_PREFERS_STRING_CATALOGS = YES;
				MTL_ENABLE_DEBUG_INFO = NO;
				MTL_FAST_MATH = YES;
				SDKROOT = iphoneos;
				SWIFT_COMPILATION_MODE = wholemodule;
				VALIDATE_PRODUCT = YES;
			};
			name = Release;
		};
		68F161E32C16D5660059FA66 /* Debug */ = {
			isa = XCBuildConfiguration;
			buildSettings = {
				ASSETCATALOG_COMPILER_APPICON_NAME = AppIcon;
				ASSETCATALOG_COMPILER_GLOBAL_ACCENT_COLOR_NAME = AccentColor;
				CODE_SIGN_STYLE = Automatic;
				CURRENT_PROJECT_VERSION = 1;
				GENERATE_INFOPLIST_FILE = YES;
				INFOPLIST_FILE = YegrCinemaEX/Info.plist;
				INFOPLIST_KEY_UIApplicationSupportsIndirectInputEvents = YES;
				INFOPLIST_KEY_UILaunchStoryboardName = LaunchScreen;
				INFOPLIST_KEY_UISupportedInterfaceOrientations_iPad = "UIInterfaceOrientationPortrait UIInterfaceOrientationPortraitUpsideDown UIInterfaceOrientationLandscapeLeft UIInterfaceOrientationLandscapeRight";
				INFOPLIST_KEY_UISupportedInterfaceOrientations_iPhone = "UIInterfaceOrientationPortrait UIInterfaceOrientationLandscapeLeft UIInterfaceOrientationLandscapeRight";
				IPHONEOS_DEPLOYMENT_TARGET = 15.0;
				LD_RUNPATH_SEARCH_PATHS = (
					"$(inherited)",
					"@executable_path/Frameworks",
				);
				MARKETING_VERSION = 1.0;
				PRODUCT_BUNDLE_IDENTIFIER = YJ.YegrCinemaEX;
				PRODUCT_NAME = "$(TARGET_NAME)";
				SUPPORTED_PLATFORMS = "iphoneos iphonesimulator";
				SUPPORTS_MACCATALYST = NO;
				SUPPORTS_MAC_DESIGNED_FOR_IPHONE_IPAD = NO;
				SUPPORTS_XR_DESIGNED_FOR_IPHONE_IPAD = NO;
				SWIFT_EMIT_LOC_STRINGS = YES;
				SWIFT_VERSION = 5.0;
				TARGETED_DEVICE_FAMILY = 1;
			};
			name = Debug;
		};
		68F161E42C16D5660059FA66 /* Release */ = {
			isa = XCBuildConfiguration;
			buildSettings = {
				ASSETCATALOG_COMPILER_APPICON_NAME = AppIcon;
				ASSETCATALOG_COMPILER_GLOBAL_ACCENT_COLOR_NAME = AccentColor;
				CODE_SIGN_STYLE = Automatic;
				CURRENT_PROJECT_VERSION = 1;
				GENERATE_INFOPLIST_FILE = YES;
				INFOPLIST_FILE = YegrCinemaEX/Info.plist;
				INFOPLIST_KEY_UIApplicationSupportsIndirectInputEvents = YES;
				INFOPLIST_KEY_UILaunchStoryboardName = LaunchScreen;
				INFOPLIST_KEY_UISupportedInterfaceOrientations_iPad = "UIInterfaceOrientationPortrait UIInterfaceOrientationPortraitUpsideDown UIInterfaceOrientationLandscapeLeft UIInterfaceOrientationLandscapeRight";
				INFOPLIST_KEY_UISupportedInterfaceOrientations_iPhone = "UIInterfaceOrientationPortrait UIInterfaceOrientationLandscapeLeft UIInterfaceOrientationLandscapeRight";
				IPHONEOS_DEPLOYMENT_TARGET = 15.0;
				LD_RUNPATH_SEARCH_PATHS = (
					"$(inherited)",
					"@executable_path/Frameworks",
				);
				MARKETING_VERSION = 1.0;
				PRODUCT_BUNDLE_IDENTIFIER = YJ.YegrCinemaEX;
				PRODUCT_NAME = "$(TARGET_NAME)";
				SUPPORTED_PLATFORMS = "iphoneos iphonesimulator";
				SUPPORTS_MACCATALYST = NO;
				SUPPORTS_MAC_DESIGNED_FOR_IPHONE_IPAD = NO;
				SUPPORTS_XR_DESIGNED_FOR_IPHONE_IPAD = NO;
				SWIFT_EMIT_LOC_STRINGS = YES;
				SWIFT_VERSION = 5.0;
				TARGETED_DEVICE_FAMILY = 1;
			};
			name = Release;
		};
/* End XCBuildConfiguration section */

/* Begin XCConfigurationList section */
		68F161C92C16D5650059FA66 /* Build configuration list for PBXProject "YegrCinemaEX" */ = {
			isa = XCConfigurationList;
			buildConfigurations = (
				68F161E02C16D5660059FA66 /* Debug */,
				68F161E12C16D5660059FA66 /* Release */,
			);
			defaultConfigurationIsVisible = 0;
			defaultConfigurationName = Release;
		};
		68F161E22C16D5660059FA66 /* Build configuration list for PBXNativeTarget "YegrCinemaEX" */ = {
			isa = XCConfigurationList;
			buildConfigurations = (
				68F161E32C16D5660059FA66 /* Debug */,
				68F161E42C16D5660059FA66 /* Release */,
			);
			defaultConfigurationIsVisible = 0;
			defaultConfigurationName = Release;
		};
/* End XCConfigurationList section */

/* Begin XCRemoteSwiftPackageReference section */
		68F161EF2C16D8DD0059FA66 /* XCRemoteSwiftPackageReference "Kingfisher" */ = {
			isa = XCRemoteSwiftPackageReference;
			repositoryURL = "https://github.com/onevcat/Kingfisher.git";
			requirement = {
				kind = upToNextMajorVersion;
				minimumVersion = 7.11.0;
			};
		};
		68F161F22C16D8EB0059FA66 /* XCRemoteSwiftPackageReference "Alamofire" */ = {
			isa = XCRemoteSwiftPackageReference;
			repositoryURL = "https://github.com/Alamofire/Alamofire.git";
			requirement = {
				kind = upToNextMajorVersion;
				minimumVersion = 5.9.1;
			};
		};
		68F161F52C16D8F60059FA66 /* XCRemoteSwiftPackageReference "SnapKit" */ = {
			isa = XCRemoteSwiftPackageReference;
			repositoryURL = "https://github.com/SnapKit/SnapKit.git";
			requirement = {
				kind = upToNextMajorVersion;
				minimumVersion = 5.7.1;
			};
		};
/* End XCRemoteSwiftPackageReference section */

/* Begin XCSwiftPackageProductDependency section */
		68F161F02C16D8DD0059FA66 /* Kingfisher */ = {
			isa = XCSwiftPackageProductDependency;
			package = 68F161EF2C16D8DD0059FA66 /* XCRemoteSwiftPackageReference "Kingfisher" */;
			productName = Kingfisher;
		};
		68F161F32C16D8EB0059FA66 /* Alamofire */ = {
			isa = XCSwiftPackageProductDependency;
			package = 68F161F22C16D8EB0059FA66 /* XCRemoteSwiftPackageReference "Alamofire" */;
			productName = Alamofire;
		};
		68F161F62C16D8F60059FA66 /* SnapKit */ = {
			isa = XCSwiftPackageProductDependency;
			package = 68F161F52C16D8F60059FA66 /* XCRemoteSwiftPackageReference "SnapKit" */;
			productName = SnapKit;
		};
/* End XCSwiftPackageProductDependency section */
	};
	rootObject = 68F161C62C16D5650059FA66 /* Project object */;
}
